{
  "name": "artsy-open",
  "version": "1.0.0",
  "lockfileVersion": 1,
  "requires": true,
  "dependencies": {
    "colon-template": {
      "version": "1.0.3",
      "resolved": "https://registry.npmjs.org/colon-template/-/colon-template-1.0.3.tgz",
      "integrity": "sha1-pNxWOu3A5RoIkC/qR8HrI+b89P0=",
      "requires": {
        "escape-regexp": "0.0.1",
        "propget": "1.0.0"
      }
    },
    "dashify": {
      "version": "2.0.0",
      "resolved": "https://registry.npmjs.org/dashify/-/dashify-2.0.0.tgz",
      "integrity": "sha512-hpA5C/YrPjucXypHPPc0oJ1l9Hf6wWbiOL7Ik42cxnsUOhWiCB/fylKbKqqJalW9FgkNQCw16YO8uW9Hs0Iy1A=="
    },
    "escape-regexp": {
      "version": "0.0.1",
      "resolved": "https://registry.npmjs.org/escape-regexp/-/escape-regexp-0.0.1.tgz",
      "integrity": "sha1-9EvaEtRbvfnLf4Yu5+SCez3TIlQ="
    },
    "propget": {
      "version": "1.0.0",
      "resolved": "https://registry.npmjs.org/propget/-/propget-1.0.0.tgz",
      "integrity": "sha1-0ANRJEXvuBPqvCmYnNXs9xVnn0I="
    },
    "uri-scheme": {
      "version": "1.0.76",
      "resolved": "https://registry.npmjs.org/uri-scheme/-/uri-scheme-1.0.76.tgz",
      "integrity": "sha512-MvN5R8KX3NIdzt75N2E+o6SqEcSxB5zDX6UCZ5AQnPXLP8ZK68d5zAaxXOMk/79lzTNo18qmnHPBLe6vM+rqug=="
    }
  }
}
