# THIS IS AN AUTOGENERATED FILE. DO NOT EDIT THIS FILE DIRECTLY.
# yarn lockfile v1


colon-template@^1.0.3:
  version "1.0.3"
  resolved "https://registry.yarnpkg.com/colon-template/-/colon-template-1.0.3.tgz#a4dc563aedc0e51a08902fea47c1eb23e6fcf4fd"
  integrity sha1-pNxWOu3A5RoIkC/qR8HrI+b89P0=
  dependencies:
    escape-regexp "0.0.1"
    propget "1.0.0"

dashify@^2.0.0:
  version "2.0.0"
  resolved "https://registry.yarnpkg.com/dashify/-/dashify-2.0.0.tgz#fff270ca2868ca427fee571de35691d6e437a648"
  integrity sha512-hpA5C/YrPjucXypHPPc0oJ1l9Hf6wWbiOL7Ik42cxnsUOhWiCB/fylKbKqqJalW9FgkNQCw16YO8uW9Hs0Iy1A==

escape-regexp@0.0.1:
  version "0.0.1"
  resolved "https://registry.yarnpkg.com/escape-regexp/-/escape-regexp-0.0.1.tgz#f44bda12d45bbdf9cb7f862ee7e4827b3dd32254"
  integrity sha1-9EvaEtRbvfnLf4Yu5+SCez3TIlQ=

propget@1.0.0:
  version "1.0.0"
  resolved "https://registry.yarnpkg.com/propget/-/propget-1.0.0.tgz#d003512445efb813eabc29989cd5ecf715679f42"
  integrity sha1-0ANRJEXvuBPqvCmYnNXs9xVnn0I=

uri-scheme@^1.0.76:
  version "1.0.76"
  resolved "https://registry.yarnpkg.com/uri-scheme/-/uri-scheme-1.0.76.tgz#88de159c47a17f9d9b107ad357546351f07383f3"
  integrity sha512-MvN5R8KX3NIdzt75N2E+o6SqEcSxB5zDX6UCZ5AQnPXLP8ZK68d5zAaxXOMk/79lzTNo18qmnHPBLe6vM+rqug==
